lockfileVersion: 5.4

specifiers:
  '@testing-library/jest-dom': ^5.16.5
  '@testing-library/react': ^13.4.0
  '@testing-library/user-event': ^13.5.0
  dotenv: ^16.0.3
  openai: ^3.1.0
  react: ^18.2.0
  react-dom: ^18.2.0
  react-scripts: 5.0.1
  tailwindcss: ^3.2.4
  web-vitals: ^2.1.4

dependencies:
  '@testing-library/jest-dom': 5.16.5
  '@testing-library/react': 13.4.0_biqbaboplfbrettd7655fr4n2y
  '@testing-library/user-event': 13.5.0
  dotenv: 16.0.3
  openai: 3.1.0
  react: 18.2.0
  react-dom: 18.2.0_react@18.2.0
  react-scripts: 5.0.1_react@18.2.0
  web-vitals: 2.1.4

devDependencies:
  tailwindcss: 3.2.4

packages:

  /@adobe/css-tools/4.0.2:
    resolution: {integrity: sha512-Fx6tYjk2wKUgLi8uMANZr8GNZx05u44ArIJldn9VxLvolzlJVgHbTUCbwhMd6bcYky178+WUSxPHO3DAtGLWpw==}
    dev: false

  /@ampproject/remapping/2.2.0:
    resolution: {integrity: sha512-qRmjj8nj9qmLTQXXmaR1cck3UXSRMPrbsLJAasZpF+t3riI71BXed5ebIOYwQntykeZuhjsdweEc9BxH5Jc26w==}
    engines: {node: '>=6.0.0'}
    dependencies:
      '@jridgewell/gen-mapping': 0.1.1
      '@jridgewell/trace-mapping': 0.3.17
    dev: false

  /@apideck/better-ajv-errors/0.3.6_ajv@8.12.0:
    resolution: {integrity: sha512-P+ZygBLZtkp0qqOAJJVX4oX/sFo5JR3eBWwwuqHHhK0GIgQOKWrAfiAaWX0aArHkRWHMuggFEgAZNxVPwPZYaA==}
    engines: {node: '>=10'}
    peerDependencies:
      ajv: '>=8'
    dependencies:
      ajv: 8.12.0
      json-schema: 0.4.0
      jsonpointer: 5.0.1
      leven: 3.1.0
    dev: false

  /@babel/code-frame/7.18.6: